
Microsoft Visual Studio Solution File, Format Version 12.00
# Visual Studio 14
VisualStudioVersion = 14.0.23107.0
MinimumVisualStudioVersion = 10.0.40219.1
Project("{FAE04EC0-301F-11D3-BF4B-00C04F79EFBC}") = "ClothesWashing", "ClothesWashing\ClothesWashing.csproj", "{D42FD0CD-A8B1-45BD-A171-C63CD1052644}"
EndProject
Project("{2150E333-8FDC-42A3-9474-1A3956D46DE8}") = "Tests", "Tests", "{31467903-3BA8-4ADD-A0AB-C6D7C7697BFD}"
EndProject
Project("{FAE04EC0-301F-11D3-BF4B-00C04F79EFBC}") = "ClothesWashingEFCodeFirstDAL", "ClothesWashingEFCodeFirstDAL\ClothesWashingEFCodeFirstDAL.csproj", "{4505DCB1-BFDF-4A2C-86E0-03A66144339B}"
EndProject
Project("{FAE04EC0-301F-11D3-BF4B-00C04F79EFBC}") = "ClothesWashingApp", "ClothesWashingApp\ClothesWashingApp.csproj", "{7CC919AE-B538-4DAB-8AC8-7E20FA6F911D}"
EndProject
Global
	GlobalSection(SolutionConfigurationPlatforms) = preSolution
		Debug|Any CPU = Debug|Any CPU
		Release|Any CPU = Release|Any CPU
	EndGlobalSection
	GlobalSection(ProjectConfigurationPlatforms) = postSolution
		{D42FD0CD-A8B1-45BD-A171-C63CD1052644}.Debug|Any CPU.ActiveCfg = Debug|Any CPU
		{D42FD0CD-A8B1-45BD-A171-C63CD1052644}.Debug|Any CPU.Build.0 = Debug|Any CPU
		{D42FD0CD-A8B1-45BD-A171-C63CD1052644}.Release|Any CPU.ActiveCfg = Release|Any CPU
		{D42FD0CD-A8B1-45BD-A171-C63CD1052644}.Release|Any CPU.Build.0 = Release|Any CPU
		{4505DCB1-BFDF-4A2C-86E0-03A66144339B}.Debug|Any CPU.ActiveCfg = Debug|Any CPU
		{4505DCB1-BFDF-4A2C-86E0-03A66144339B}.Debug|Any CPU.Build.0 = Debug|Any CPU
		{4505DCB1-BFDF-4A2C-86E0-03A66144339B}.Release|Any CPU.ActiveCfg = Release|Any CPU
		{4505DCB1-BFDF-4A2C-86E0-03A66144339B}.Release|Any CPU.Build.0 = Release|Any CPU
		{7CC919AE-B538-4DAB-8AC8-7E20FA6F911D}.Debug|Any CPU.ActiveCfg = Debug|Any CPU
		{7CC919AE-B538-4DAB-8AC8-7E20FA6F911D}.Debug|Any CPU.Build.0 = Debug|Any CPU
		{7CC919AE-B538-4DAB-8AC8-7E20FA6F911D}.Release|Any CPU.ActiveCfg = Release|Any CPU
		{7CC919AE-B538-4DAB-8AC8-7E20FA6F911D}.Release|Any CPU.Build.0 = Release|Any CPU
	EndGlobalSection
	GlobalSection(SolutionProperties) = preSolution
		HideSolutionNode = FALSE
	EndGlobalSection
EndGlobal
